
Microsoft Visual Studio Solution File, Format Version 12.00
# Visual Studio Version 17
VisualStudioVersion = 17.10.35013.160
MinimumVisualStudioVersion = 10.0.40219.1
Project("{FAE04EC0-301F-11D3-BF4B-00C04F79EFBC}") = "WebSocketClientDemo", "WebSocketDemo\WebSocketClientDemo.csproj", "{4FE5E91C-5787-4D04-84EA-A779114D604C}"
EndProject
Project("{FAE04EC0-301F-11D3-BF4B-00C04F79EFBC}") = "WebSocketServerDemo", "WebSocketServerDemo\WebSocketServerDemo.csproj", "{99D2F99D-7560-41C1-8459-B6AB8C8FEFBE}"
EndProject
Global
	GlobalSection(SolutionConfigurationPlatforms) = preSolution
		Debug|Any CPU = Debug|Any CPU
		Release|Any CPU = Release|Any CPU
	EndGlobalSection
	GlobalSection(ProjectConfigurationPlatforms) = postSolution
		{4FE5E91C-5787-4D04-84EA-A779114D604C}.Debug|Any CPU.ActiveCfg = Debug|Any CPU
		{4FE5E91C-5787-4D04-84EA-A779114D604C}.Debug|Any CPU.Build.0 = Debug|Any CPU
		{4FE5E91C-5787-4D04-84EA-A779114D604C}.Release|Any CPU.ActiveCfg = Release|Any CPU
		{4FE5E91C-5787-4D04-84EA-A779114D604C}.Release|Any CPU.Build.0 = Release|Any CPU
		{99D2F99D-7560-41C1-8459-B6AB8C8FEFBE}.Debug|Any CPU.ActiveCfg = Debug|Any CPU
		{99D2F99D-7560-41C1-8459-B6AB8C8FEFBE}.Debug|Any CPU.Build.0 = Debug|Any CPU
		{99D2F99D-7560-41C1-8459-B6AB8C8FEFBE}.Release|Any CPU.ActiveCfg = Release|Any CPU
		{99D2F99D-7560-41C1-8459-B6AB8C8FEFBE}.Release|Any CPU.Build.0 = Release|Any CPU
	EndGlobalSection
	GlobalSection(SolutionProperties) = preSolution
		HideSolutionNode = FALSE
	EndGlobalSection
	GlobalSection(ExtensibilityGlobals) = postSolution
		SolutionGuid = {617127E3-0CE9-49A5-8C3B-7BD7D705CD36}
	EndGlobalSection
EndGlobal
